%{
  "cauldron": {:hex, :cauldron, "0.1.10", "5d4b3a64e062adabed31dbb7509a23d87bcf770606320976c0830cf127031705", [:mix], [{:datastructures, "~> 0.2", [hex: :datastructures, repo: "hexpm", optional: false]}, {:httprot, "~> 0.2", [hex: :httprot, repo: "hexpm", optional: false]}, {:reagent, "~> 0.1", [hex: :reagent, repo: "hexpm", optional: false]}], "hexpm"},
  "conform": {:hex, :conform, "0.13.0", "e2c1a50cee01e97d7efded01e4c39417272f892704962c6e87f8d4b7b6aa3dea", [:mix], [], "hexpm"},
  "datastructures": {:hex, :datastructures, "0.2.8", "cd9f53bed18f1d9526689a9559676c682b5a3ba230c1e3de187182f4ff86899c", [:mix], [], "hexpm"},
  "eredis": {:hex, :eredis, "1.2.0", "0b8e9cfc2c00fa1374cd107ea63b49be08d933df2cf175e6a89b73dd9c380de4", [:rebar3], [], "hexpm"},
  "exredis": {:hex, :exredis, "0.2.6", "814dcd90d6e9706e99cd873817996cfd7e95be7726b46a52d14f3c9c3394150e", [:mix], [{:eredis, ">= 1.0.8", [hex: :eredis, repo: "hexpm", optional: false]}], "hexpm"},
  "exrm": {:hex, :exrm, "0.15.3", "0c43f2df1d5388e3df4aac1299057db7aa03840f8e7c41ce472e11631e51a468", [:mix], [{:conform, "~> 0.13.0", [hex: :conform, repo: "hexpm", optional: false]}], "hexpm"},
  "exts": {:hex, :exts, "0.3.4", "ec2af096ab4494c087a9615fffe9d5ba8a0fa0ccc465b340ee522ed7aff79078", [:mix], [{:datastructures, "~> 0.2", [hex: :datastructures, repo: "hexpm", optional: false]}], "hexpm"},
  "httprot": {:hex, :httprot, "0.2.2", "9b2ece2cd3311091c5d06f03f3ffb23d3004496768d2fea5afb6812f00260bf4", [:mix], [{:datastructures, "~> 0.2", [hex: :datastructures, repo: "hexpm", optional: false]}, {:socket, "~> 0.3", [hex: :socket, repo: "hexpm", optional: false]}], "hexpm"},
  "jazz": {:hex, :jazz, "0.2.1", "46cf8ed1bd8f02441d7870aae052c7dc0adcb722d7585c2f8824b30c4c34d100", [:mix], [], "hexpm"},
  "mixunit": {:hex, :mixunit, "0.9.2", "4ace17bd1998c8853db5df4e081ec9bcf2b7b5ab04683a18b7ee2aad4c6320d0", [:mix], [], "hexpm"},
  "poison": {:hex, :poison, "3.1.0", "d9eb636610e096f86f25d9a46f35a9facac35609a7591b3be3326e99a0484665", [:mix], [], "hexpm"},
  "reagent": {:hex, :reagent, "0.1.14", "f6eaa35266091a41c93ae18b510472fa7c931c1f67a030d213ab0206ace843e1", [:mix], [{:exts, "~> 0.3", [hex: :exts, repo: "hexpm", optional: false]}, {:socket, "~> 0.3", [hex: :socket, repo: "hexpm", optional: false]}], "hexpm"},
  "socket": {:hex, :socket, "0.3.13", "98a2ab20ce17f95fb512c5cadddba32b57273e0d2dba2d2e5f976c5969d0c632", [:mix], [], "hexpm"},
  "urna": {:hex, :urna, "0.2.5", "396394da9525fd2ab6f24b22f65b23eaefffee349c38f8f373afae6de305f80c", [:mix], [{:cauldron, "~> 0.1", [hex: :cauldron, repo: "hexpm", optional: false]}, {:poison, "~> 3.0", [hex: :poison, repo: "hexpm", optional: false]}], "hexpm"},
}
