%{"cauldron": {:hex, :cauldron, "0.1.5"},
  "conform": {:hex, :conform, "0.13.0"},
  "eredis": {:hex, :eredis, "1.0.8"},
  "exredis": {:hex, :exredis, "0.2.2"},
  "exrm": {:hex, :exrm, "0.15.3"},
  "exts": {:hex, :exts, "0.2.2"},
  "httprot": {:hex, :httprot, "0.1.6"},
  "jazz": {:hex, :jazz, "0.2.1"},
  "mixunit": {:hex, :mixunit, "0.9.2"},
  "reagent": {:hex, :reagent, "0.1.5"},
  "socket": {:hex, :socket, "0.2.8"},
  "urna": {:hex, :urna, "0.1.4"}}
